// !$*UTF8*$!
{
	archiveVersion = 1;
	classes = {
	};
	objectVersion = 46;
	objects = {

/* Begin PBXBuildFile section */
		365EAAEA1A22BD2800FB87F7 /* main.m in Sources */ = {isa = PBXBuildFile; fileRef = 365EAAE91A22BD2800FB87F7 /* main.m */; };
		365EAAED1A22BD2800FB87F7 /* AppDelegate.m in Sources */ = {isa = PBXBuildFile; fileRef = 365EAAEC1A22BD2800FB87F7 /* AppDelegate.m */; };
		365EAAF01A22BD2800FB87F7 /* ViewController.m in Sources */ = {isa = PBXBuildFile; fileRef = 365EAAEF1A22BD2800FB87F7 /* ViewController.m */; };
		365EAAF31A22BD2800FB87F7 /* Main.storyboard in Resources */ = {isa = PBXBuildFile; fileRef = 365EAAF11A22BD2800FB87F7 /* Main.storyboard */; };
		365EAAF51A22BD2800FB87F7 /* Images.xcassets in Resources */ = {isa = PBXBuildFile; fileRef = 365EAAF41A22BD2800FB87F7 /* Images.xcassets */; };
		365EAAF81A22BD2800FB87F7 /* LaunchScreen.xib in Resources */ = {isa = PBXBuildFile; fileRef = 365EAAF61A22BD2800FB87F7 /* LaunchScreen.xib */; };
		365EAB041A22BD2900FB87F7 /* Address_SampleTests.m in Sources */ = {isa = PBXBuildFile; fileRef = 365EAB031A22BD2900FB87F7 /* Address_SampleTests.m */; };
		365EAB0E1A22BDA500FB87F7 /* AddressBook.framework in Frameworks */ = {isa = PBXBuildFile; fileRef = 365EAB0D1A22BDA500FB87F7 /* AddressBook.framework */; };
		365EAB101A22BDAB00FB87F7 /* AddressBookUI.framework in Frameworks */ = {isa = PBXBuildFile; fileRef = 365EAB0F1A22BDAB00FB87F7 /* AddressBookUI.framework */; };
		365EAB131A23353100FB87F7 /* PersonData.m in Sources */ = {isa = PBXBuildFile; fileRef = 365EAB121A23353100FB87F7 /* PersonData.m */; };
/* End PBXBuildFile section */

/* Begin PBXContainerItemProxy section */
		365EAAFE1A22BD2900FB87F7 /* PBXContainerItemProxy */ = {
			isa = PBXContainerItemProxy;
			containerPortal = 365EAADC1A22BD2800FB87F7 /* Project object */;
			proxyType = 1;
			remoteGlobalIDString = 365EAAE31A22BD2800FB87F7;
			remoteInfo = Address_Sample;
		};
/* End PBXContainerItemProxy section */

/* Begin PBXFileReference section */
		365EAAE41A22BD2800FB87F7 /* Address_Sample.app */ = {isa = PBXFileReference; explicitFileType = wrapper.application; includeInIndex = 0; path = Address_Sample.app; sourceTree = BUILT_PRODUCTS_DIR; };
		365EAAE81A22BD2800FB87F7 /* Info.plist */ = {isa = PBXFileReference; lastKnownFileType = text.plist.xml; path = Info.plist; sourceTree = "<group>"; };
		365EAAE91A22BD2800FB87F7 /* main.m */ = {isa = PBXFileReference; lastKnownFileType = sourcecode.c.objc; path = main.m; sourceTree = "<group>"; };
		365EAAEB1A22BD2800FB87F7 /* AppDelegate.h */ = {isa = PBXFileReference; lastKnownFileType = sourcecode.c.h; path = AppDelegate.h; sourceTree = "<group>"; };
		365EAAEC1A22BD2800FB87F7 /* AppDelegate.m */ = {isa = PBXFileReference; lastKnownFileType = sourcecode.c.objc; path = AppDelegate.m; sourceTree = "<group>"; };
		365EAAEE1A22BD2800FB87F7 /* ViewController.h */ = {isa = PBXFileReference; lastKnownFileType = sourcecode.c.h; path = ViewController.h; sourceTree = "<group>"; };
		365EAAEF1A22BD2800FB87F7 /* ViewController.m */ = {isa = PBXFileReference; lastKnownFileType = sourcecode.c.objc; path = ViewController.m; sourceTree = "<group>"; };
		365EAAF21A22BD2800FB87F7 /* Base */ = {isa = PBXFileReference; lastKnownFileType = file.storyboard; name = Base; path = Base.lproj/Main.storyboard; sourceTree = "<group>"; };
		365EAAF41A22BD2800FB87F7 /* Images.xcassets */ = {isa = PBXFileReference; lastKnownFileType = folder.assetcatalog; path = Images.xcassets; sourceTree = "<group>"; };
		365EAAF71A22BD2800FB87F7 /* Base */ = {isa = PBXFileReference; lastKnownFileType = file.xib; name = Base; path = Base.lproj/LaunchScreen.xib; sourceTree = "<group>"; };
		365EAAFD1A22BD2900FB87F7 /* Address_SampleTests.xctest */ = {isa = PBXFileReference; explicitFileType = wrapper.cfbundle; includeInIndex = 0; path = Address_SampleTests.xctest; sourceTree = BUILT_PRODUCTS_DIR; };
		365EAB021A22BD2900FB87F7 /* Info.plist */ = {isa = PBXFileReference; lastKnownFileType = text.plist.xml; path = Info.plist; sourceTree = "<group>"; };
		365EAB031A22BD2900FB87F7 /* Address_SampleTests.m */ = {isa = PBXFileReference; lastKnownFileType = sourcecode.c.objc; path = Address_SampleTests.m; sourceTree = "<group>"; };
		365EAB0D1A22BDA500FB87F7 /* AddressBook.framework */ = {isa = PBXFileReference; lastKnownFileType = wrapper.framework; name = AddressBook.framework; path = System/Library/Frameworks/AddressBook.framework; sourceTree = SDKROOT; };
		365EAB0F1A22BDAB00FB87F7 /* AddressBookUI.framework */ = {isa = PBXFileReference; lastKnownFileType = wrapper.framework; name = AddressBookUI.framework; path = System/Library/Frameworks/AddressBookUI.framework; sourceTree = SDKROOT; };
		365EAB111A23353100FB87F7 /* PersonData.h */ = {isa = PBXFileReference; fileEncoding = 4; lastKnownFileType = sourcecode.c.h; path = PersonData.h; sourceTree = "<group>"; };
		365EAB121A23353100FB87F7 /* PersonData.m */ = {isa = PBXFileReference; fileEncoding = 4; lastKnownFileType = sourcecode.c.objc; path = PersonData.m; sourceTree = "<group>"; };
/* End PBXFileReference section */

/* Begin PBXFrameworksBuildPhase section */
		365EAAE11A22BD2800FB87F7 /* Frameworks */ = {
			isa = PBXFrameworksBuildPhase;
			buildActionMask = 2147483647;
			files = (
				365EAB101A22BDAB00FB87F7 /* AddressBookUI.framework in Frameworks */,
				365EAB0E1A22BDA500FB87F7 /* AddressBook.framework in Frameworks */,
			);
			runOnlyForDeploymentPostprocessing = 0;
		};
		365EAAFA1A22BD2900FB87F7 /* Frameworks */ = {
			isa = PBXFrameworksBuildPhase;
			buildActionMask = 2147483647;
			files = (
			);
			runOnlyForDeploymentPostprocessing = 0;
		};
/* End PBXFrameworksBuildPhase section */

/* Begin PBXGroup section */
		365EAADB1A22BD2800FB87F7 = {
			isa = PBXGroup;
			children = (
				365EAAE61A22BD2800FB87F7 /* Address_Sample */,
				365EAB141A23472700FB87F7 /* Framework */,
				365EAB001A22BD2900FB87F7 /* Address_SampleTests */,
				365EAAE51A22BD2800FB87F7 /* Products */,
			);
			sourceTree = "<group>";
		};
		365EAAE51A22BD2800FB87F7 /* Products */ = {
			isa = PBXGroup;
			children = (
				365EAAE41A22BD2800FB87F7 /* Address_Sample.app */,
				365EAAFD1A22BD2900FB87F7 /* Address_SampleTests.xctest */,
			);
			name = Products;
			sourceTree = "<group>";
		};
		365EAAE61A22BD2800FB87F7 /* Address_Sample */ = {
			isa = PBXGroup;
			children = (
				365EAAEB1A22BD2800FB87F7 /* AppDelegate.h */,
				365EAAEC1A22BD2800FB87F7 /* AppDelegate.m */,
				365EAAEE1A22BD2800FB87F7 /* ViewController.h */,
				365EAAEF1A22BD2800FB87F7 /* ViewController.m */,
				365EAB111A23353100FB87F7 /* PersonData.h */,
				365EAB121A23353100FB87F7 /* PersonData.m */,
				365EAAF11A22BD2800FB87F7 /* Main.storyboard */,
				365EAAF41A22BD2800FB87F7 /* Images.xcassets */,
				365EAAF61A22BD2800FB87F7 /* LaunchScreen.xib */,
				365EAAE71A22BD2800FB87F7 /* Supporting Files */,
			);
			path = Address_Sample;
			sourceTree = "<group>";
		};
		365EAAE71A22BD2800FB87F7 /* Supporting Files */ = {
			isa = PBXGroup;
			children = (
				365EAAE81A22BD2800FB87F7 /* Info.plist */,
				365EAAE91A22BD2800FB87F7 /* main.m */,
			);
			name = "Supporting Files";
			sourceTree = "<group>";
		};
		365EAB001A22BD2900FB87F7 /* Address_SampleTests */ = {
			isa = PBXGroup;
			children = (
				365EAB031A22BD2900FB87F7 /* Address_SampleTests.m */,
				365EAB011A22BD2900FB87F7 /* Supporting Files */,
			);
			path = Address_SampleTests;
			sourceTree = "<group>";
		};
		365EAB011A22BD2900FB87F7 /* Supporting Files */ = {
			isa = PBXGroup;
			children = (
				365EAB021A22BD2900FB87F7 /* Info.plist */,
			);
			name = "Supporting Files";
			sourceTree = "<group>";
		};
		365EAB141A23472700FB87F7 /* Framework */ = {
			isa = PBXGroup;
			children = (
				365EAB0F1A22BDAB00FB87F7 /* AddressBookUI.framework */,
				365EAB0D1A22BDA500FB87F7 /* AddressBook.framework */,
			);
			name = Framework;
			path = Address_Sample;
			sourceTree = "<group>";
		};
/* End PBXGroup section */

/* Begin PBXNativeTarget section */
		365EAAE31A22BD2800FB87F7 /* Address_Sample */ = {
			isa = PBXNativeTarget;
			buildConfigurationList = 365EAB071A22BD2900FB87F7 /* Build configuration list for PBXNativeTarget "Address_Sample" */;
			buildPhases = (
				365EAAE01A22BD2800FB87F7 /* Sources */,
				365EAAE11A22BD2800FB87F7 /* Frameworks */,
				365EAAE21A22BD2800FB87F7 /* Resources */,
			);
			buildRules = (
			);
			dependencies = (
			);
			name = Address_Sample;
			productName = Address_Sample;
			productReference = 365EAAE41A22BD2800FB87F7 /* Address_Sample.app */;
			productType = "com.apple.product-type.application";
		};
		365EAAFC1A22BD2900FB87F7 /* Address_SampleTests */ = {
			isa = PBXNativeTarget;
			buildConfigurationList = 365EAB0A1A22BD2900FB87F7 /* Build configuration list for PBXNativeTarget "Address_SampleTests" */;
			buildPhases = (
				365EAAF91A22BD2900FB87F7 /* Sources */,
				365EAAFA1A22BD2900FB87F7 /* Frameworks */,
				365EAAFB1A22BD2900FB87F7 /* Resources */,
			);
			buildRules = (
			);
			dependencies = (
				365EAAFF1A22BD2900FB87F7 /* PBXTargetDependency */,
			);
			name = Address_SampleTests;
			productName = Address_SampleTests;
			productReference = 365EAAFD1A22BD2900FB87F7 /* Address_SampleTests.xctest */;
			productType = "com.apple.product-type.bundle.unit-test";
		};
/* End PBXNativeTarget section */

/* Begin PBXProject section */
		365EAADC1A22BD2800FB87F7 /* Project object */ = {
			isa = PBXProject;
			attributes = {
				LastUpgradeCheck = 0610;
				ORGANIZATIONNAME = KentarOu;
				TargetAttributes = {
					365EAAE31A22BD2800FB87F7 = {
						CreatedOnToolsVersion = 6.1;
					};
					365EAAFC1A22BD2900FB87F7 = {
						CreatedOnToolsVersion = 6.1;
						TestTargetID = 365EAAE31A22BD2800FB87F7;
					};
				};
			};
			buildConfigurationList = 365EAADF1A22BD2800FB87F7 /* Build configuration list for PBXProject "Address_Sample" */;
			compatibilityVersion = "Xcode 3.2";
			developmentRegion = English;
			hasScannedForEncodings = 0;
			knownRegions = (
				en,
				Base,
			);
			mainGroup = 365EAADB1A22BD2800FB87F7;
			productRefGroup = 365EAAE51A22BD2800FB87F7 /* Products */;
			projectDirPath = "";
			projectRoot = "";
			targets = (
				365EAAE31A22BD2800FB87F7 /* Address_Sample */,
				365EAAFC1A22BD2900FB87F7 /* Address_SampleTests */,
			);
		};
/* End PBXProject section */

/* Begin PBXResourcesBuildPhase section */
		365EAAE21A22BD2800FB87F7 /* Resources */ = {
			isa = PBXResourcesBuildPhase;
			buildActionMask = 2147483647;
			files = (
				365EAAF31A22BD2800FB87F7 /* Main.storyboard in Resources */,
				365EAAF81A22BD2800FB87F7 /* LaunchScreen.xib in Resources */,
				365EAAF51A22BD2800FB87F7 /* Images.xcassets in Resources */,
			);
			runOnlyForDeploymentPostprocessing = 0;
		};
		365EAAFB1A22BD2900FB87F7 /* Resources */ = {
			isa = PBXResourcesBuildPhase;
			buildActionMask = 2147483647;
			files = (
			);
			runOnlyForDeploymentPostprocessing = 0;
		};
/* End PBXResourcesBuildPhase section */

/* Begin PBXSourcesBuildPhase section */
		365EAAE01A22BD2800FB87F7 /* Sources */ = {
			isa = PBXSourcesBuildPhase;
			buildActionMask = 2147483647;
			files = (
				365EAB131A23353100FB87F7 /* PersonData.m in Sources */,
				365EAAF01A22BD2800FB87F7 /* ViewController.m in Sources */,
				365EAAED1A22BD2800FB87F7 /* AppDelegate.m in Sources */,
				365EAAEA1A22BD2800FB87F7 /* main.m in Sources */,
			);
			runOnlyForDeploymentPostprocessing = 0;
		};
		365EAAF91A22BD2900FB87F7 /* Sources */ = {
			isa = PBXSourcesBuildPhase;
			buildActionMask = 2147483647;
			files = (
				365EAB041A22BD2900FB87F7 /* Address_SampleTests.m in Sources */,
			);
			runOnlyForDeploymentPostprocessing = 0;
		};
/* End PBXSourcesBuildPhase section */

/* Begin PBXTargetDependency section */
		365EAAFF1A22BD2900FB87F7 /* PBXTargetDependency */ = {
			isa = PBXTargetDependency;
			target = 365EAAE31A22BD2800FB87F7 /* Address_Sample */;
			targetProxy = 365EAAFE1A22BD2900FB87F7 /* PBXContainerItemProxy */;
		};
/* End PBXTargetDependency section */

/* Begin PBXVariantGroup section */
		365EAAF11A22BD2800FB87F7 /* Main.storyboard */ = {
			isa = PBXVariantGroup;
			children = (
				365EAAF21A22BD2800FB87F7 /* Base */,
			);
			name = Main.storyboard;
			sourceTree = "<group>";
		};
		365EAAF61A22BD2800FB87F7 /* LaunchScreen.xib */ = {
			isa = PBXVariantGroup;
			children = (
				365EAAF71A22BD2800FB87F7 /* Base */,
			);
			name = LaunchScreen.xib;
			sourceTree = "<group>";
		};
/* End PBXVariantGroup section */

/* Begin XCBuildConfiguration section */
		365EAB051A22BD2900FB87F7 /* Debug */ = {
			isa = XCBuildConfiguration;
			buildSettings = {
				ALWAYS_SEARCH_USER_PATHS = NO;
				CLANG_CXX_LANGUAGE_STANDARD = "gnu++0x";
				CLANG_CXX_LIBRARY = "libc++";
				CLANG_ENABLE_MODULES = YES;
				CLANG_ENABLE_OBJC_ARC = YES;
				CLANG_WARN_BOOL_CONVERSION = YES;
				CLANG_WARN_CONSTANT_CONVERSION = YES;
				CLANG_WARN_DIRECT_OBJC_ISA_USAGE = YES_ERROR;
				CLANG_WARN_EMPTY_BODY = YES;
				CLANG_WARN_ENUM_CONVERSION = YES;
				CLANG_WARN_INT_CONVERSION = YES;
				CLANG_WARN_OBJC_ROOT_CLASS = YES_ERROR;
				CLANG_WARN_UNREACHABLE_CODE = YES;
				CLANG_WARN__DUPLICATE_METHOD_MATCH = YES;
				"CODE_SIGN_IDENTITY[sdk=iphoneos*]" = "iPhone Developer";
				COPY_PHASE_STRIP = NO;
				ENABLE_STRICT_OBJC_MSGSEND = YES;
				GCC_C_LANGUAGE_STANDARD = gnu99;
				GCC_DYNAMIC_NO_PIC = NO;
				GCC_OPTIMIZATION_LEVEL = 0;
				GCC_PREPROCESSOR_DEFINITIONS = (
					"DEBUG=1",
					"$(inherited)",
				);
				GCC_SYMBOLS_PRIVATE_EXTERN = NO;
				GCC_WARN_64_TO_32_BIT_CONVERSION = YES;
				GCC_WARN_ABOUT_RETURN_TYPE = YES_ERROR;
				GCC_WARN_UNDECLARED_SELECTOR = YES;
				GCC_WARN_UNINITIALIZED_AUTOS = YES_AGGRESSIVE;
				GCC_WARN_UNUSED_FUNCTION = YES;
				GCC_WARN_UNUSED_VARIABLE = YES;
				IPHONEOS_DEPLOYMENT_TARGET = 8.1;
				MTL_ENABLE_DEBUG_INFO = YES;
				ONLY_ACTIVE_ARCH = YES;
				SDKROOT = iphoneos;
				TARGETED_DEVICE_FAMILY = "1,2";
			};
			name = Debug;
		};
		365EAB061A22BD2900FB87F7 /* Release */ = {
			isa = XCBuildConfiguration;
			buildSettings = {
				ALWAYS_SEARCH_USER_PATHS = NO;
				CLANG_CXX_LANGUAGE_STANDARD = "gnu++0x";
				CLANG_CXX_LIBRARY = "libc++";
				CLANG_ENABLE_MODULES = YES;
				CLANG_ENABLE_OBJC_ARC = YES;
				CLANG_WARN_BOOL_CONVERSION = YES;
				CLANG_WARN_CONSTANT_CONVERSION = YES;
				CLANG_WARN_DIRECT_OBJC_ISA_USAGE = YES_ERROR;
				CLANG_WARN_EMPTY_BODY = YES;
				CLANG_WARN_ENUM_CONVERSION = YES;
				CLANG_WARN_INT_CONVERSION = YES;
				CLANG_WARN_OBJC_ROOT_CLASS = YES_ERROR;
				CLANG_WARN_UNREACHABLE_CODE = YES;
				CLANG_WARN__DUPLICATE_METHOD_MATCH = YES;
				"CODE_SIGN_IDENTITY[sdk=iphoneos*]" = "iPhone Developer";
				COPY_PHASE_STRIP = YES;
				ENABLE_NS_ASSERTIONS = NO;
				ENABLE_STRICT_OBJC_MSGSEND = YES;
				GCC_C_LANGUAGE_STANDARD = gnu99;
				GCC_WARN_64_TO_32_BIT_CONVERSION = YES;
				GCC_WARN_ABOUT_RETURN_TYPE = YES_ERROR;
				GCC_WARN_UNDECLARED_SELECTOR = YES;
				GCC_WARN_UNINITIALIZED_AUTOS = YES_AGGRESSIVE;
				GCC_WARN_UNUSED_FUNCTION = YES;
				GCC_WARN_UNUSED_VARIABLE = YES;
				IPHONEOS_DEPLOYMENT_TARGET = 8.1;
				MTL_ENABLE_DEBUG_INFO = NO;
				SDKROOT = iphoneos;
				TARGETED_DEVICE_FAMILY = "1,2";
				VALIDATE_PRODUCT = YES;
			};
			name = Release;
		};
		365EAB081A22BD2900FB87F7 /* Debug */ = {
			isa = XCBuildConfiguration;
			buildSettings = {
				ASSETCATALOG_COMPILER_APPICON_NAME = AppIcon;
				INFOPLIST_FILE = Address_Sample/Info.plist;
				LD_RUNPATH_SEARCH_PATHS = "$(inherited) @executable_path/Frameworks";
				PRODUCT_NAME = "$(TARGET_NAME)";
			};
			name = Debug;
		};
		365EAB091A22BD2900FB87F7 /* Release */ = {
			isa = XCBuildConfiguration;
			buildSettings = {
				ASSETCATALOG_COMPILER_APPICON_NAME = AppIcon;
				INFOPLIST_FILE = Address_Sample/Info.plist;
				LD_RUNPATH_SEARCH_PATHS = "$(inherited) @executable_path/Frameworks";
				PRODUCT_NAME = "$(TARGET_NAME)";
			};
			name = Release;
		};
		365EAB0B1A22BD2900FB87F7 /* Debug */ = {
			isa = XCBuildConfiguration;
			buildSettings = {
				BUNDLE_LOADER = "$(TEST_HOST)";
				FRAMEWORK_SEARCH_PATHS = (
					"$(SDKROOT)/Developer/Library/Frameworks",
					"$(inherited)",
				);
				GCC_PREPROCESSOR_DEFINITIONS = (
					"DEBUG=1",
					"$(inherited)",
				);
				INFOPLIST_FILE = Address_SampleTests/Info.plist;
				LD_RUNPATH_SEARCH_PATHS = "$(inherited) @executable_path/Frameworks @loader_path/Frameworks";
				PRODUCT_NAME = "$(TARGET_NAME)";
				TEST_HOST = "$(BUILT_PRODUCTS_DIR)/Address_Sample.app/Address_Sample";
			};
			name = Debug;
		};
		365EAB0C1A22BD2900FB87F7 /* Release */ = {
			isa = XCBuildConfiguration;
			buildSettings = {
				BUNDLE_LOADER = "$(TEST_HOST)";
				FRAMEWORK_SEARCH_PATHS = (
					"$(SDKROOT)/Developer/Library/Frameworks",
					"$(inherited)",
				);
				INFOPLIST_FILE = Address_SampleTests/Info.plist;
				LD_RUNPATH_SEARCH_PATHS = "$(inherited) @executable_path/Frameworks @loader_path/Frameworks";
				PRODUCT_NAME = "$(TARGET_NAME)";
				TEST_HOST = "$(BUILT_PRODUCTS_DIR)/Address_Sample.app/Address_Sample";
			};
			name = Release;
		};
/* End XCBuildConfiguration section */

/* Begin XCConfigurationList section */
		365EAADF1A22BD2800FB87F7 /* Build configuration list for PBXProject "Address_Sample" */ = {
			isa = XCConfigurationList;
			buildConfigurations = (
				365EAB051A22BD2900FB87F7 /* Debug */,
				365EAB061A22BD2900FB87F7 /* Release */,
			);
			defaultConfigurationIsVisible = 0;
			defaultConfigurationName = Release;
		};
		365EAB071A22BD2900FB87F7 /* Build configuration list for PBXNativeTarget "Address_Sample" */ = {
			isa = XCConfigurationList;
			buildConfigurations = (
				365EAB081A22BD2900FB87F7 /* Debug */,
				365EAB091A22BD2900FB87F7 /* Release */,
			);
			defaultConfigurationIsVisible = 0;
		};
		365EAB0A1A22BD2900FB87F7 /* Build configuration list for PBXNativeTarget "Address_SampleTests" */ = {
			isa = XCConfigurationList;
			buildConfigurations = (
				365EAB0B1A22BD2900FB87F7 /* Debug */,
				365EAB0C1A22BD2900FB87F7 /* Release */,
			);
			defaultConfigurationIsVisible = 0;
		};
/* End XCConfigurationList section */
	};
	rootObject = 365EAADC1A22BD2800FB87F7 /* Project object */;
}
